// !$*UTF8*$!
{
	archiveVersion = 1;
	classes = {
	};
	objectVersion = 48;
	objects = {

/* Begin PBXBuildFile section */
		1F0308C71FD48B5B007B7DCF /* AppDelegate.swift in Sources */ = {isa = PBXBuildFile; fileRef = 1F0308C61FD48B5B007B7DCF /* AppDelegate.swift */; };
		1F0308C91FD48B5B007B7DCF /* ViewController.swift in Sources */ = {isa = PBXBuildFile; fileRef = 1F0308C81FD48B5B007B7DCF /* ViewController.swift */; };
		1F0308CC1FD48B5B007B7DCF /* Main.storyboard in Resources */ = {isa = PBXBuildFile; fileRef = 1F0308CA1FD48B5B007B7DCF /* Main.storyboard */; };
		1F0308CE1FD48B5B007B7DCF /* Assets.xcassets in Resources */ = {isa = PBXBuildFile; fileRef = 1F0308CD1FD48B5B007B7DCF /* Assets.xcassets */; };
		1F0308D11FD48B5B007B7DCF /* LaunchScreen.storyboard in Resources */ = {isa = PBXBuildFile; fileRef = 1F0308CF1FD48B5B007B7DCF /* LaunchScreen.storyboard */; };
/* End PBXBuildFile section */

/* Begin PBXFileReference section */
		1F0308C31FD48B5B007B7DCF /* Estimator Example.app */ = {isa = PBXFileReference; explicitFileType = wrapper.application; includeInIndex = 0; path = "Estimator Example.app"; sourceTree = BUILT_PRODUCTS_DIR; };
		1F0308C61FD48B5B007B7DCF /* AppDelegate.swift */ = {isa = PBXFileReference; lastKnownFileType = sourcecode.swift; path = AppDelegate.swift; sourceTree = "<group>"; };
		1F0308C81FD48B5B007B7DCF /* ViewController.swift */ = {isa = PBXFileReference; lastKnownFileType = sourcecode.swift; path = ViewController.swift; sourceTree = "<group>"; };
		1F0308CB1FD48B5B007B7DCF /* Base */ = {isa = PBXFileReference; lastKnownFileType = file.storyboard; name = Base; path = Base.lproj/Main.storyboard; sourceTree = "<group>"; };
		1F0308CD1FD48B5B007B7DCF /* Assets.xcassets */ = {isa = PBXFileReference; lastKnownFileType = folder.assetcatalog; path = Assets.xcassets; sourceTree = "<group>"; };
		1F0308D01FD48B5B007B7DCF /* Base */ = {isa = PBXFileReference; lastKnownFileType = file.storyboard; name = Base; path = Base.lproj/LaunchScreen.storyboard; sourceTree = "<group>"; };
		1F0308D21FD48B5B007B7DCF /* Info.plist */ = {isa = PBXFileReference; lastKnownFileType = text.plist.xml; path = Info.plist; sourceTree = "<group>"; };
		1F0308E01FD49179007B7DCF /* Estimator-Example-Bridging-Header.h */ = {isa = PBXFileReference; lastKnownFileType = sourcecode.c.h; path = "Estimator-Example-Bridging-Header.h"; sourceTree = "<group>"; };
		1F0308E11FD49CF8007B7DCF /* ecaas.framework */ = {isa = PBXFileReference; lastKnownFileType = wrapper.framework; path = ecaas.framework; sourceTree = "<group>"; };
/* End PBXFileReference section */

/* Begin PBXFrameworksBuildPhase section */
		1F0308C01FD48B5B007B7DCF /* Frameworks */ = {
			isa = PBXFrameworksBuildPhase;
			buildActionMask = 2147483647;
			files = (
			);
			runOnlyForDeploymentPostprocessing = 0;
		};
/* End PBXFrameworksBuildPhase section */

/* Begin PBXGroup section */
		1F0308BA1FD48B5B007B7DCF = {
			isa = PBXGroup;
			children = (
				1F0308C51FD48B5B007B7DCF /* Estimator Example */,
				1F0308C41FD48B5B007B7DCF /* Products */,
				1F0308E11FD49CF8007B7DCF /* ecaas.framework */,
			);
			sourceTree = "<group>";
		};
		1F0308C41FD48B5B007B7DCF /* Products */ = {
			isa = PBXGroup;
			children = (
				1F0308C31FD48B5B007B7DCF /* Estimator Example.app */,
			);
			name = Products;
			sourceTree = "<group>";
		};
		1F0308C51FD48B5B007B7DCF /* Estimator Example */ = {
			isa = PBXGroup;
			children = (
				1F0308C61FD48B5B007B7DCF /* AppDelegate.swift */,
				1F0308C81FD48B5B007B7DCF /* ViewController.swift */,
				1F0308CA1FD48B5B007B7DCF /* Main.storyboard */,
				1F0308CD1FD48B5B007B7DCF /* Assets.xcassets */,
				1F0308CF1FD48B5B007B7DCF /* LaunchScreen.storyboard */,
				1F0308D21FD48B5B007B7DCF /* Info.plist */,
				1F0308E01FD49179007B7DCF /* Estimator-Example-Bridging-Header.h */,
			);
			path = "Estimator Example";
			sourceTree = "<group>";
		};
/* End PBXGroup section */

/* Begin PBXNativeTarget section */
		1F0308C21FD48B5B007B7DCF /* Estimator Example */ = {
			isa = PBXNativeTarget;
			buildConfigurationList = 1F0308D51FD48B5B007B7DCF /* Build configuration list for PBXNativeTarget "Estimator Example" */;
			buildPhases = (
				1F0308BF1FD48B5B007B7DCF /* Sources */,
				1F0308C01FD48B5B007B7DCF /* Frameworks */,
				1F0308C11FD48B5B007B7DCF /* Resources */,
			);
			buildRules = (
			);
			dependencies = (
			);
			name = "Estimator Example";
			productName = "Estimator Example";
			productReference = 1F0308C31FD48B5B007B7DCF /* Estimator Example.app */;
			productType = "com.apple.product-type.application";
		};
/* End PBXNativeTarget section */

/* Begin PBXProject section */
		1F0308BB1FD48B5B007B7DCF /* Project object */ = {
			isa = PBXProject;
			attributes = {
				LastSwiftUpdateCheck = 0900;
				LastUpgradeCheck = 0900;
				ORGANIZATIONNAME = "Two Men and a Truck";
				TargetAttributes = {
					1F0308C21FD48B5B007B7DCF = {
						CreatedOnToolsVersion = 9.0;
						LastSwiftMigration = 0900;
						ProvisioningStyle = Automatic;
					};
				};
			};
			buildConfigurationList = 1F0308BE1FD48B5B007B7DCF /* Build configuration list for PBXProject "Estimator Example" */;
			compatibilityVersion = "Xcode 8.0";
			developmentRegion = en;
			hasScannedForEncodings = 0;
			knownRegions = (
				en,
				Base,
			);
			mainGroup = 1F0308BA1FD48B5B007B7DCF;
			productRefGroup = 1F0308C41FD48B5B007B7DCF /* Products */;
			projectDirPath = "";
			projectRoot = "";
			targets = (
				1F0308C21FD48B5B007B7DCF /* Estimator Example */,
			);
		};
/* End PBXProject section */

/* Begin PBXResourcesBuildPhase section */
		1F0308C11FD48B5B007B7DCF /* Resources */ = {
			isa = PBXResourcesBuildPhase;
			buildActionMask = 2147483647;
			files = (
				1F0308D11FD48B5B007B7DCF /* LaunchScreen.storyboard in Resources */,
				1F0308CE1FD48B5B007B7DCF /* Assets.xcassets in Resources */,
				1F0308CC1FD48B5B007B7DCF /* Main.storyboard in Resources */,
			);
			runOnlyForDeploymentPostprocessing = 0;
		};
/* End PBXResourcesBuildPhase section */

/* Begin PBXSourcesBuildPhase section */
		1F0308BF1FD48B5B007B7DCF /* Sources */ = {
			isa = PBXSourcesBuildPhase;
			buildActionMask = 2147483647;
			files = (
				1F0308C91FD48B5B007B7DCF /* ViewController.swift in Sources */,
				1F0308C71FD48B5B007B7DCF /* AppDelegate.swift in Sources */,
			);
			runOnlyForDeploymentPostprocessing = 0;
		};
/* End PBXSourcesBuildPhase section */

/* Begin PBXVariantGroup section */
		1F0308CA1FD48B5B007B7DCF /* Main.storyboard */ = {
			isa = PBXVariantGroup;
			children = (
				1F0308CB1FD48B5B007B7DCF /* Base */,
			);
			name = Main.storyboard;
			sourceTree = "<group>";
		};
		1F0308CF1FD48B5B007B7DCF /* LaunchScreen.storyboard */ = {
			isa = PBXVariantGroup;
			children = (
				1F0308D01FD48B5B007B7DCF /* Base */,
			);
			name = LaunchScreen.storyboard;
			sourceTree = "<group>";
		};
/* End PBXVariantGroup section */

/* Begin XCBuildConfiguration section */
		1F0308D31FD48B5B007B7DCF /* Debug */ = {
			isa = XCBuildConfiguration;
			buildSettings = {
				ALWAYS_SEARCH_USER_PATHS = NO;
				CLANG_ANALYZER_NONNULL = YES;
				CLANG_ANALYZER_NUMBER_OBJECT_CONVERSION = YES_AGGRESSIVE;
				CLANG_CXX_LANGUAGE_STANDARD = "gnu++14";
				CLANG_CXX_LIBRARY = "libc++";
				CLANG_ENABLE_MODULES = YES;
				CLANG_ENABLE_OBJC_ARC = YES;
				CLANG_WARN_BLOCK_CAPTURE_AUTORELEASING = YES;
				CLANG_WARN_BOOL_CONVERSION = YES;
				CLANG_WARN_COMMA = YES;
				CLANG_WARN_CONSTANT_CONVERSION = YES;
				CLANG_WARN_DIRECT_OBJC_ISA_USAGE = YES_ERROR;
				CLANG_WARN_DOCUMENTATION_COMMENTS = YES;
				CLANG_WARN_EMPTY_BODY = YES;
				CLANG_WARN_ENUM_CONVERSION = YES;
				CLANG_WARN_INFINITE_RECURSION = YES;
				CLANG_WARN_INT_CONVERSION = YES;
				CLANG_WARN_NON_LITERAL_NULL_CONVERSION = YES;
				CLANG_WARN_OBJC_LITERAL_CONVERSION = YES;
				CLANG_WARN_OBJC_ROOT_CLASS = YES_ERROR;
				CLANG_WARN_RANGE_LOOP_ANALYSIS = YES;
				CLANG_WARN_STRICT_PROTOTYPES = YES;
				CLANG_WARN_SUSPICIOUS_MOVE = YES;
				CLANG_WARN_UNGUARDED_AVAILABILITY = YES_AGGRESSIVE;
				CLANG_WARN_UNREACHABLE_CODE = YES;
				CLANG_WARN__DUPLICATE_METHOD_MATCH = YES;
				CODE_SIGN_IDENTITY = "iPhone Developer";
				COPY_PHASE_STRIP = NO;
				DEBUG_INFORMATION_FORMAT = dwarf;
				ENABLE_STRICT_OBJC_MSGSEND = YES;
				ENABLE_TESTABILITY = YES;
				FRAMEWORK_SEARCH_PATHS = "";
				GCC_C_LANGUAGE_STANDARD = gnu11;
				GCC_DYNAMIC_NO_PIC = NO;
				GCC_NO_COMMON_BLOCKS = YES;
				GCC_OPTIMIZATION_LEVEL = 0;
				GCC_PREPROCESSOR_DEFINITIONS = (
					"DEBUG=1",
					"$(inherited)",
				);
				GCC_WARN_64_TO_32_BIT_CONVERSION = YES;
				GCC_WARN_ABOUT_RETURN_TYPE = YES_ERROR;
				GCC_WARN_UNDECLARED_SELECTOR = YES;
				GCC_WARN_UNINITIALIZED_AUTOS = YES_AGGRESSIVE;
				GCC_WARN_UNUSED_FUNCTION = YES;
				GCC_WARN_UNUSED_VARIABLE = YES;
				IPHONEOS_DEPLOYMENT_TARGET = 11.0;
				MTL_ENABLE_DEBUG_INFO = YES;
				ONLY_ACTIVE_ARCH = YES;
				SDKROOT = iphoneos;
				SWIFT_ACTIVE_COMPILATION_CONDITIONS = DEBUG;
				SWIFT_OPTIMIZATION_LEVEL = "-Onone";
			};
			name = Debug;
		};
		1F0308D41FD48B5B007B7DCF /* Release */ = {
			isa = XCBuildConfiguration;
			buildSettings = {
				ALWAYS_SEARCH_USER_PATHS = NO;
				CLANG_ANALYZER_NONNULL = YES;
				CLANG_ANALYZER_NUMBER_OBJECT_CONVERSION = YES_AGGRESSIVE;
				CLANG_CXX_LANGUAGE_STANDARD = "gnu++14";
				CLANG_CXX_LIBRARY = "libc++";
				CLANG_ENABLE_MODULES = YES;
				CLANG_ENABLE_OBJC_ARC = YES;
				CLANG_WARN_BLOCK_CAPTURE_AUTORELEASING = YES;
				CLANG_WARN_BOOL_CONVERSION = YES;
				CLANG_WARN_COMMA = YES;
				CLANG_WARN_CONSTANT_CONVERSION = YES;
				CLANG_WARN_DIRECT_OBJC_ISA_USAGE = YES_ERROR;
				CLANG_WARN_DOCUMENTATION_COMMENTS = YES;
				CLANG_WARN_EMPTY_BODY = YES;
				CLANG_WARN_ENUM_CONVERSION = YES;
				CLANG_WARN_INFINITE_RECURSION = YES;
				CLANG_WARN_INT_CONVERSION = YES;
				CLANG_WARN_NON_LITERAL_NULL_CONVERSION = YES;
				CLANG_WARN_OBJC_LITERAL_CONVERSION = YES;
				CLANG_WARN_OBJC_ROOT_CLASS = YES_ERROR;
				CLANG_WARN_RANGE_LOOP_ANALYSIS = YES;
				CLANG_WARN_STRICT_PROTOTYPES = YES;
				CLANG_WARN_SUSPICIOUS_MOVE = YES;
				CLANG_WARN_UNGUARDED_AVAILABILITY = YES_AGGRESSIVE;
				CLANG_WARN_UNREACHABLE_CODE = YES;
				CLANG_WARN__DUPLICATE_METHOD_MATCH = YES;
				CODE_SIGN_IDENTITY = "iPhone Developer";
				COPY_PHASE_STRIP = NO;
				DEBUG_INFORMATION_FORMAT = "dwarf-with-dsym";
				ENABLE_NS_ASSERTIONS = NO;
				ENABLE_STRICT_OBJC_MSGSEND = YES;
				FRAMEWORK_SEARCH_PATHS = "";
				GCC_C_LANGUAGE_STANDARD = gnu11;
				GCC_NO_COMMON_BLOCKS = YES;
				GCC_WARN_64_TO_32_BIT_CONVERSION = YES;
				GCC_WARN_ABOUT_RETURN_TYPE = YES_ERROR;
				GCC_WARN_UNDECLARED_SELECTOR = YES;
				GCC_WARN_UNINITIALIZED_AUTOS = YES_AGGRESSIVE;
				GCC_WARN_UNUSED_FUNCTION = YES;
				GCC_WARN_UNUSED_VARIABLE = YES;
				IPHONEOS_DEPLOYMENT_TARGET = 11.0;
				MTL_ENABLE_DEBUG_INFO = NO;
				SDKROOT = iphoneos;
				SWIFT_OPTIMIZATION_LEVEL = "-Owholemodule";
				VALIDATE_PRODUCT = YES;
			};
			name = Release;
		};
		1F0308D61FD48B5B007B7DCF /* Debug */ = {
			isa = XCBuildConfiguration;
			buildSettings = {
				ASSETCATALOG_COMPILER_APPICON_NAME = AppIcon;
				CLANG_ENABLE_MODULES = YES;
				CODE_SIGN_STYLE = Automatic;
				DEVELOPMENT_TEAM = 5222RY4Z7U;
				FRAMEWORK_SEARCH_PATHS = "$(SRCROOT)";
				INFOPLIST_FILE = "Estimator Example/Info.plist";
				LD_RUNPATH_SEARCH_PATHS = "$(inherited) @executable_path/Frameworks";
				PRODUCT_BUNDLE_IDENTIFIER = "com.twomenandatruck.Estimator-Example";
				PRODUCT_NAME = "$(TARGET_NAME)";
				SWIFT_OBJC_BRIDGING_HEADER = "Estimator Example/Estimator-Example-Bridging-Header.h";
				SWIFT_OPTIMIZATION_LEVEL = "-Onone";
				SWIFT_VERSION = 4.0;
				TARGETED_DEVICE_FAMILY = "1,2";
			};
			name = Debug;
		};
		1F0308D71FD48B5B007B7DCF /* Release */ = {
			isa = XCBuildConfiguration;
			buildSettings = {
				ASSETCATALOG_COMPILER_APPICON_NAME = AppIcon;
				CLANG_ENABLE_MODULES = YES;
				CODE_SIGN_STYLE = Automatic;
				DEVELOPMENT_TEAM = 5222RY4Z7U;
				FRAMEWORK_SEARCH_PATHS = "$(SRCROOT)";
				INFOPLIST_FILE = "Estimator Example/Info.plist";
				LD_RUNPATH_SEARCH_PATHS = "$(inherited) @executable_path/Frameworks";
				PRODUCT_BUNDLE_IDENTIFIER = "com.twomenandatruck.Estimator-Example";
				PRODUCT_NAME = "$(TARGET_NAME)";
				SWIFT_OBJC_BRIDGING_HEADER = "Estimator Example/Estimator-Example-Bridging-Header.h";
				SWIFT_VERSION = 4.0;
				TARGETED_DEVICE_FAMILY = "1,2";
			};
			name = Release;
		};
/* End XCBuildConfiguration section */

/* Begin XCConfigurationList section */
		1F0308BE1FD48B5B007B7DCF /* Build configuration list for PBXProject "Estimator Example" */ = {
			isa = XCConfigurationList;
			buildConfigurations = (
				1F0308D31FD48B5B007B7DCF /* Debug */,
				1F0308D41FD48B5B007B7DCF /* Release */,
			);
			defaultConfigurationIsVisible = 0;
			defaultConfigurationName = Release;
		};
		1F0308D51FD48B5B007B7DCF /* Build configuration list for PBXNativeTarget "Estimator Example" */ = {
			isa = XCConfigurationList;
			buildConfigurations = (
				1F0308D61FD48B5B007B7DCF /* Debug */,
				1F0308D71FD48B5B007B7DCF /* Release */,
			);
			defaultConfigurationIsVisible = 0;
			defaultConfigurationName = Release;
		};
/* End XCConfigurationList section */
	};
	rootObject = 1F0308BB1FD48B5B007B7DCF /* Project object */;
}
